
Microsoft Visual Studio Solution File, Format Version 12.00
# Visual Studio Version 17
VisualStudioVersion = 17.12.35323.107
MinimumVisualStudioVersion = 10.0.40219.1
Project("{FAE04EC0-301F-11D3-BF4B-00C04F79EFBC}") = "BudgetManagement", "BudgetManagement.csproj", "{1AD3D292-5FDE-49B0-BBC4-D95A6F68A695}"
EndProject
Global
	GlobalSection(SolutionConfigurationPlatforms) = preSolution
		Debug|Any CPU = Debug|Any CPU
		Release|Any CPU = Release|Any CPU
	EndGlobalSection
	GlobalSection(ProjectConfigurationPlatforms) = postSolution
		{1AD3D292-5FDE-49B0-BBC4-D95A6F68A695}.Debug|Any CPU.ActiveCfg = Debug|Any CPU
		{1AD3D292-5FDE-49B0-BBC4-D95A6F68A695}.Debug|Any CPU.Build.0 = Debug|Any CPU
		{1AD3D292-5FDE-49B0-BBC4-D95A6F68A695}.Release|Any CPU.ActiveCfg = Release|Any CPU
		{1AD3D292-5FDE-49B0-BBC4-D95A6F68A695}.Release|Any CPU.Build.0 = Release|Any CPU
	EndGlobalSection
	GlobalSection(SolutionProperties) = preSolution
		HideSolutionNode = FALSE
	EndGlobalSection
	GlobalSection(ExtensibilityGlobals) = postSolution
		SolutionGuid = {694207FB-5D2B-4DBB-901C-67C281E2018D}
	EndGlobalSection
EndGlobal
